
Microsoft Visual Studio Solution File, Format Version 12.00
# Visual Studio 15
VisualStudioVersion = 15.0.27004.2010
MinimumVisualStudioVersion = 10.0.40219.1
Project("{FAE04EC0-301F-11D3-BF4B-00C04F79EFBC}") = "AndroidFragment", "AndroidFragment\AndroidFragment.csproj", "{D3EAAFCE-5EFE-4799-86BD-74CA247CCC49}"
EndProject
Project("{2150E333-8FDC-42A3-9474-1A3956D46DE8}") = "Solution Items", "Solution Items", "{4404CC5A-B40B-4FDB-BD4C-3CACAF238943}"
	ProjectSection(SolutionItems) = preProject
		README.md = README.md
	EndProjectSection
EndProject
Global
	GlobalSection(SolutionConfigurationPlatforms) = preSolution
		Debug|Any CPU = Debug|Any CPU
		Release|Any CPU = Release|Any CPU
	EndGlobalSection
	GlobalSection(ProjectConfigurationPlatforms) = postSolution
		{D3EAAFCE-5EFE-4799-86BD-74CA247CCC49}.Debug|Any CPU.ActiveCfg = Debug|Any CPU
		{D3EAAFCE-5EFE-4799-86BD-74CA247CCC49}.Debug|Any CPU.Build.0 = Debug|Any CPU
		{D3EAAFCE-5EFE-4799-86BD-74CA247CCC49}.Debug|Any CPU.Deploy.0 = Debug|Any CPU
		{D3EAAFCE-5EFE-4799-86BD-74CA247CCC49}.Release|Any CPU.ActiveCfg = Release|Any CPU
		{D3EAAFCE-5EFE-4799-86BD-74CA247CCC49}.Release|Any CPU.Build.0 = Release|Any CPU
		{D3EAAFCE-5EFE-4799-86BD-74CA247CCC49}.Release|Any CPU.Deploy.0 = Release|Any CPU
	EndGlobalSection
	GlobalSection(SolutionProperties) = preSolution
		HideSolutionNode = FALSE
	EndGlobalSection
	GlobalSection(ExtensibilityGlobals) = postSolution
		SolutionGuid = {9A01246B-6F91-4A8D-8D66-1F07822F9782}
	EndGlobalSection
EndGlobal
